
Microsoft Visual Studio Solution File, Format Version 12.00
# Visual Studio 14
VisualStudioVersion = 14.0.25420.1
MinimumVisualStudioVersion = 10.0.40219.1
Project("{FAE04EC0-301F-11D3-BF4B-00C04F79EFBC}") = "NuGet.Docs.MarkdownPages", "NuGet.Docs.MarkdownPages\NuGet.Docs.MarkdownPages.csproj", "{68B89ADD-A928-4B5C-8173-EC38C282C918}"
EndProject
Project("{FAE04EC0-301F-11D3-BF4B-00C04F79EFBC}") = "NuGet.Docs", "NuGet.Docs\NuGet.Docs.csproj", "{C6BF801D-1C21-45A3-AB37-551A8CEEE6D9}"
EndProject
Global
	GlobalSection(SolutionConfigurationPlatforms) = preSolution
		Debug|Any CPU = Debug|Any CPU
		Release|Any CPU = Release|Any CPU
	EndGlobalSection
	GlobalSection(ProjectConfigurationPlatforms) = postSolution
		{68B89ADD-A928-4B5C-8173-EC38C282C918}.Debug|Any CPU.ActiveCfg = Debug|Any CPU
		{68B89ADD-A928-4B5C-8173-EC38C282C918}.Debug|Any CPU.Build.0 = Debug|Any CPU
		{68B89ADD-A928-4B5C-8173-EC38C282C918}.Release|Any CPU.ActiveCfg = Release|Any CPU
		{68B89ADD-A928-4B5C-8173-EC38C282C918}.Release|Any CPU.Build.0 = Release|Any CPU
		{C6BF801D-1C21-45A3-AB37-551A8CEEE6D9}.Debug|Any CPU.ActiveCfg = Debug|Any CPU
		{C6BF801D-1C21-45A3-AB37-551A8CEEE6D9}.Debug|Any CPU.Build.0 = Debug|Any CPU
		{C6BF801D-1C21-45A3-AB37-551A8CEEE6D9}.Release|Any CPU.ActiveCfg = Release|Any CPU
		{C6BF801D-1C21-45A3-AB37-551A8CEEE6D9}.Release|Any CPU.Build.0 = Release|Any CPU
	EndGlobalSection
	GlobalSection(SolutionProperties) = preSolution
		HideSolutionNode = FALSE
	EndGlobalSection
EndGlobal
