
Microsoft Visual Studio Solution File, Format Version 11.00
# Visual Studio 2010
Project("{FAE04EC0-301F-11D3-BF4B-00C04F79EFBC}") = "Docs.Core", "Docs.Core\Docs.Core.csproj", "{EF9B878F-FCE0-4A92-8F6D-11E3146D0417}"
EndProject
Project("{E24C65DC-7377-472B-9ABA-BC803B73C61A}") = "site", "site\", "{19F167AB-BC25-40F4-ACCA-F121DE5F700E}"
	ProjectSection(WebsiteProperties) = preProject
		TargetFrameworkMoniker = ".NETFramework,Version%3Dv4.0"
		ProjectReferences = "{EF9B878F-FCE0-4A92-8F6D-11E3146D0417}|Docs.Core.dll;"
		Debug.AspNetCompiler.VirtualPath = "/site"
		Debug.AspNetCompiler.PhysicalPath = "site\"
		Debug.AspNetCompiler.TargetPath = "PrecompiledWeb\site\"
		Debug.AspNetCompiler.Updateable = "true"
		Debug.AspNetCompiler.ForceOverwrite = "true"
		Debug.AspNetCompiler.FixedNames = "false"
		Debug.AspNetCompiler.Debug = "True"
		Release.AspNetCompiler.VirtualPath = "/site"
		Release.AspNetCompiler.PhysicalPath = "site\"
		Release.AspNetCompiler.TargetPath = "PrecompiledWeb\site\"
		Release.AspNetCompiler.Updateable = "true"
		Release.AspNetCompiler.ForceOverwrite = "true"
		Release.AspNetCompiler.FixedNames = "false"
		Release.AspNetCompiler.Debug = "False"
		VWDPort = "39120"
		DefaultWebSiteLanguage = "Visual C#"
	EndProjectSection
EndProject
Global
	GlobalSection(SolutionConfigurationPlatforms) = preSolution
		Debug|Any CPU = Debug|Any CPU
		Release|Any CPU = Release|Any CPU
	EndGlobalSection
	GlobalSection(ProjectConfigurationPlatforms) = postSolution
		{EF9B878F-FCE0-4A92-8F6D-11E3146D0417}.Debug|Any CPU.ActiveCfg = Debug|Any CPU
		{EF9B878F-FCE0-4A92-8F6D-11E3146D0417}.Debug|Any CPU.Build.0 = Debug|Any CPU
		{EF9B878F-FCE0-4A92-8F6D-11E3146D0417}.Release|Any CPU.ActiveCfg = Release|Any CPU
		{EF9B878F-FCE0-4A92-8F6D-11E3146D0417}.Release|Any CPU.Build.0 = Release|Any CPU
		{19F167AB-BC25-40F4-ACCA-F121DE5F700E}.Debug|Any CPU.ActiveCfg = Debug|Any CPU
		{19F167AB-BC25-40F4-ACCA-F121DE5F700E}.Debug|Any CPU.Build.0 = Debug|Any CPU
		{19F167AB-BC25-40F4-ACCA-F121DE5F700E}.Release|Any CPU.ActiveCfg = Debug|Any CPU
		{19F167AB-BC25-40F4-ACCA-F121DE5F700E}.Release|Any CPU.Build.0 = Debug|Any CPU
	EndGlobalSection
	GlobalSection(SolutionProperties) = preSolution
		HideSolutionNode = FALSE
	EndGlobalSection
EndGlobal
